github.com/dtapps/gorequest v1.0.22 h1:cDYvgfrIOCmPpl3ZRO5OIC+0rlfdKWhmVPC9tmq721I=
github.com/dtapps/gorequest v1.0.22/go.mod h1:QCmZ4Dav9B4YHNsslk+26zOKk1PdPOr/wznr71GUa6U=
github.com/dtapps/gostring v1.0.4 h1:71+ycsnvS+UkNx+15U6mL9oWwCIGEAAEtDmAfeTr64M=
github.com/dtapps/gostring v1.0.4/go.mod h1:Ri5CruzyvydEMomzGPyzamXn9IWPeovn1WH4RLDMwMs=
github.com/dtapps/gotime v1.0.3 h1:yzknDbqEOqntn3fbE2T9HRY5d03B81iIUkYKESuE8TY=
github.com/dtapps/gotime v1.0.3/go.mod h1:lbp8pG/8aV3O+t7IuAjasL2WLBsZqLZG6Uw6KqSnox8=
github.com/saracen/go7z v0.0.0-20191010121135-9c09b6bd7fda h1:h+YpzUB/bGVJcLqW+d5GghcCmE/A25KbzjXvWJQi/+o=
github.com/saracen/go7z v0.0.0-20191010121135-9c09b6bd7fda/go.mod h1:MSotTrCv1PwoR8QgU1JurEx+lNNbtr25I+m0zbLyAGw=
github.com/saracen/go7z-fixtures v0.0.0-20190623165746-aa6b8fba1d2f h1:PF9WV5j/x6MT+x/sauUHd4objCvJbZb0wdxZkHSdd5A=
github.com/saracen/go7z-fixtures v0.0.0-20190623165746-aa6b8fba1d2f/go.mod h1:6Ff0ADODZ6S3gYepgZ2w7OqFrTqtFcfwDUhmm8jsUhs=
github.com/saracen/solidblock v0.0.0-20190426153529-45df20abab6f h1:1cJITU3JUI8qNS5T0BlXwANsVdyoJQHQ4hvOxbunPCw=
github.com/saracen/solidblock v0.0.0-20190426153529-45df20abab6f/go.mod h1:LyBTue+RWeyIfN3ZJ4wVxvDuvlGJtDgCLgCb6HCPgps=
github.com/ulikunitz/xz v0.5.10 h1:t92gobL9l3HE202wg3rlk19F6X+JOxl9BBrCCMYEYd8=
github.com/ulikunitz/xz v0.5.10/go.mod h1:nbz6k7qbPmH4IRqmfOplQw/tblSgqTqBwxkY0oWt/14=
golang.org/x/mod v0.6.0-dev.0.20220419223038-86c51ed26bb4 h1:6zppjxzCulZykYSLyVDYbneBfbaBIQPYMevg0bEwv2s=
golang.org/x/sys v0.0.0-20220722155257-8c9f86f7a55f h1:v4INt8xihDGvnrfjMDVXGxw9wrfxYyCjk0KbXjhR55s=
golang.org/x/text v0.3.8 h1:nAL+RVCQ9uMn3vJZbV+MRnydTJFPf8qqY42YiA6MrqY=
golang.org/x/text v0.3.8/go.mod h1:E6s5w1FMmriuDzIBO73fBruAKo1PCIq6d2Q6DHfQ8WQ=
golang.org/x/tools v0.1.12 h1:VveCTK38A2rkS8ZqFY25HIDFscX5X9OoEhJd3quQmXU=
